{
  "name": "rescript-repl",
  "version": "0.0.1",
  "lockfileVersion": 3,
  "requires": true,
  "packages": {
    "": {
      "name": "rescript-repl",
      "version": "0.0.1",
      "license": "MIT",
      "dependencies": {
        "@ryyppy/rescript-promise": "^2.1.0",
        "rescript": "*",
        "rescript-nodejs": "^14.3.1"
      },
      "bin": {
        "resrepl": "bin/index.js"
      }
    },
    "node_modules/@ryyppy/rescript-promise": {
      "version": "2.1.0",
      "resolved": "https://registry.npmjs.org/@ryyppy/rescript-promise/-/rescript-promise-2.1.0.tgz",
      "integrity": "sha512-+dW6msBrj2Lr2hbEMX+HoWCvN89qVjl94RwbYWJgHQuj8jm/izdPC0YzxgpGoEFdeAEW2sOozoLcYHxT6o5WXQ=="
    },
    "node_modules/rescript": {
      "version": "10.0.1",
      "resolved": "https://registry.npmjs.org/rescript/-/rescript-10.0.1.tgz",
      "integrity": "sha512-XwO1GPDtoEU4H03xQE5bp0/qtSVR6YLaJRPxWKrfFgKc+LI36ODOCie7o9UJfgzQdoMYkkZyiTGZ4N9OQEaiUw==",
      "hasInstallScript": true,
      "bin": {
        "bsc": "bsc",
        "bsrefmt": "bsrefmt",
        "bstracing": "lib/bstracing",
        "rescript": "rescript"
      }
    },
    "node_modules/rescript-nodejs": {
      "version": "14.3.1",
      "resolved": "https://registry.npmjs.org/rescript-nodejs/-/rescript-nodejs-14.3.1.tgz",
      "integrity": "sha512-oiQo2Rd6lb8TAkB6NT3IVFJcKanSoIC9+SrBTT6OKQtGvAIi6Dd9CNoGA4pbOUXcg8+lza6vhy/YWYzYBYKt3g=="
    }
  }
}
