{
  "name": "rescript-repl",
  "version": "0.0.1",
  "lockfileVersion": 3,
  "requires": true,
  "packages": {
    "": {
      "name": "rescript-repl",
      "version": "0.0.1",
      "license": "MIT",
      "dependencies": {
        "rescript": "*"
      },
      "bin": {
        "resrepl": "bin/Repl.bs.js"
      }
    },
    "node_modules/rescript": {
      "version": "10.0.1",
      "resolved": "https://registry.npmjs.org/rescript/-/rescript-10.0.1.tgz",
      "integrity": "sha512-XwO1GPDtoEU4H03xQE5bp0/qtSVR6YLaJRPxWKrfFgKc+LI36ODOCie7o9UJfgzQdoMYkkZyiTGZ4N9OQEaiUw==",
      "hasInstallScript": true,
      "bin": {
        "bsc": "bsc",
        "bsrefmt": "bsrefmt",
        "bstracing": "lib/bstracing",
        "rescript": "rescript"
      }
    }
  }
}
